
Microsoft Visual Studio Solution File, Format Version 12.00
# Visual Studio Version 17
VisualStudioVersion = 17.5.002.0
MinimumVisualStudioVersion = 10.0.40219.1
Project("{9A19103F-16F7-4668-BE54-9A1E7A4F7556}") = "Genies", "Genies.csproj", "{6F87C6DC-C0DF-4429-8E70-F0206691937D}"
EndProject
Global
	GlobalSection(SolutionConfigurationPlatforms) = preSolution
		Debug|Any CPU = Debug|Any CPU
		Release|Any CPU = Release|Any CPU
	EndGlobalSection
	GlobalSection(ProjectConfigurationPlatforms) = postSolution
		{6F87C6DC-C0DF-4429-8E70-F0206691937D}.Debug|Any CPU.ActiveCfg = Debug|Any CPU
		{6F87C6DC-C0DF-4429-8E70-F0206691937D}.Debug|Any CPU.Build.0 = Debug|Any CPU
		{6F87C6DC-C0DF-4429-8E70-F0206691937D}.Release|Any CPU.ActiveCfg = Release|Any CPU
		{6F87C6DC-C0DF-4429-8E70-F0206691937D}.Release|Any CPU.Build.0 = Release|Any CPU
	EndGlobalSection
	GlobalSection(SolutionProperties) = preSolution
		HideSolutionNode = FALSE
	EndGlobalSection
	GlobalSection(ExtensibilityGlobals) = postSolution
		SolutionGuid = {2532F5DC-8046-4ABC-A43A-60E7D1AA6B94}
	EndGlobalSection
EndGlobal
